
Microsoft Visual Studio Solution File, Format Version 11.00
# Visual Studio 2010
Project("{FAE04EC0-301F-11D3-BF4B-00C04F79EFBC}") = "EntidadesCompartidas", "EntidadesCompartidas\EntidadesCompartidas.csproj", "{9EEF7702-FC96-4797-B9F5-F7C4419EC1A1}"
EndProject
Project("{FAE04EC0-301F-11D3-BF4B-00C04F79EFBC}") = "Logica", "Logica\Logica.csproj", "{E866E6C1-DBB5-4051-8175-1C2934B7311E}"
EndProject
Project("{FAE04EC0-301F-11D3-BF4B-00C04F79EFBC}") = "Persistencia", "Persistencia\Persistencia.csproj", "{CE39093E-2B7F-459B-807B-0C47E2AD97FD}"
EndProject
Project("{E24C65DC-7377-472B-9ABA-BC803B73C61A}") = "WebSite2", "WebSite2\", "{A10BCFD1-5789-4AA6-A971-FE94490E7664}"
	ProjectSection(WebsiteProperties) = preProject
		TargetFrameworkMoniker = ".NETFramework,Version%3Dv4.0"
		ProjectReferences = "{9EEF7702-FC96-4797-B9F5-F7C4419EC1A1}|EntidadesCompartidas.dll;{E866E6C1-DBB5-4051-8175-1C2934B7311E}|Logica.dll;{CE39093E-2B7F-459B-807B-0C47E2AD97FD}|Persistencia.dll;"
		Debug.AspNetCompiler.VirtualPath = "/WebSite2(1)"
		Debug.AspNetCompiler.PhysicalPath = "WebSite2\"
		Debug.AspNetCompiler.TargetPath = "PrecompiledWeb\WebSite2(1)\"
		Debug.AspNetCompiler.Updateable = "true"
		Debug.AspNetCompiler.ForceOverwrite = "true"
		Debug.AspNetCompiler.FixedNames = "false"
		Debug.AspNetCompiler.Debug = "True"
		Release.AspNetCompiler.VirtualPath = "/WebSite2(1)"
		Release.AspNetCompiler.PhysicalPath = "WebSite2\"
		Release.AspNetCompiler.TargetPath = "PrecompiledWeb\WebSite2(1)\"
		Release.AspNetCompiler.Updateable = "true"
		Release.AspNetCompiler.ForceOverwrite = "true"
		Release.AspNetCompiler.FixedNames = "false"
		Release.AspNetCompiler.Debug = "False"
		VWDPort = "60955"
		DefaultWebSiteLanguage = "Visual C#"
	EndProjectSection
EndProject
Global
	GlobalSection(SolutionConfigurationPlatforms) = preSolution
		Debug|Any CPU = Debug|Any CPU
		Release|Any CPU = Release|Any CPU
	EndGlobalSection
	GlobalSection(ProjectConfigurationPlatforms) = postSolution
		{9EEF7702-FC96-4797-B9F5-F7C4419EC1A1}.Debug|Any CPU.ActiveCfg = Debug|Any CPU
		{9EEF7702-FC96-4797-B9F5-F7C4419EC1A1}.Debug|Any CPU.Build.0 = Debug|Any CPU
		{9EEF7702-FC96-4797-B9F5-F7C4419EC1A1}.Release|Any CPU.ActiveCfg = Release|Any CPU
		{9EEF7702-FC96-4797-B9F5-F7C4419EC1A1}.Release|Any CPU.Build.0 = Release|Any CPU
		{E866E6C1-DBB5-4051-8175-1C2934B7311E}.Debug|Any CPU.ActiveCfg = Debug|Any CPU
		{E866E6C1-DBB5-4051-8175-1C2934B7311E}.Debug|Any CPU.Build.0 = Debug|Any CPU
		{E866E6C1-DBB5-4051-8175-1C2934B7311E}.Release|Any CPU.ActiveCfg = Release|Any CPU
		{E866E6C1-DBB5-4051-8175-1C2934B7311E}.Release|Any CPU.Build.0 = Release|Any CPU
		{CE39093E-2B7F-459B-807B-0C47E2AD97FD}.Debug|Any CPU.ActiveCfg = Debug|Any CPU
		{CE39093E-2B7F-459B-807B-0C47E2AD97FD}.Debug|Any CPU.Build.0 = Debug|Any CPU
		{CE39093E-2B7F-459B-807B-0C47E2AD97FD}.Release|Any CPU.ActiveCfg = Release|Any CPU
		{CE39093E-2B7F-459B-807B-0C47E2AD97FD}.Release|Any CPU.Build.0 = Release|Any CPU
		{A10BCFD1-5789-4AA6-A971-FE94490E7664}.Debug|Any CPU.ActiveCfg = Debug|Any CPU
		{A10BCFD1-5789-4AA6-A971-FE94490E7664}.Debug|Any CPU.Build.0 = Debug|Any CPU
		{A10BCFD1-5789-4AA6-A971-FE94490E7664}.Release|Any CPU.ActiveCfg = Debug|Any CPU
		{A10BCFD1-5789-4AA6-A971-FE94490E7664}.Release|Any CPU.Build.0 = Debug|Any CPU
	EndGlobalSection
	GlobalSection(SolutionProperties) = preSolution
		HideSolutionNode = FALSE
	EndGlobalSection
EndGlobal
